// !$*UTF8*$!
{
	archiveVersion = 1;
	classes = {
	};
	objectVersion = 46;
	objects = {

/* Begin PBXBuildFile section */
		7B08D1DA14B5FFC500AD3516 /* ExtractManager.icns in Resources */ = {isa = PBXBuildFile; fileRef = 7B08D1D914B5FFC500AD3516 /* ExtractManager.icns */; };
		7B08D1E714B876BE00AD3516 /* icon_no.png in Resources */ = {isa = PBXBuildFile; fileRef = 7B08D1E314B876BE00AD3516 /* icon_no.png */; };
		7B08D1E814B876BE00AD3516 /* icon_prepared.png in Resources */ = {isa = PBXBuildFile; fileRef = 7B08D1E414B876BE00AD3516 /* icon_prepared.png */; };
		7B08D1E914B876BE00AD3516 /* icon_running.png in Resources */ = {isa = PBXBuildFile; fileRef = 7B08D1E514B876BE00AD3516 /* icon_running.png */; };
		7B08D1EA14B876BE00AD3516 /* icon_yes.png in Resources */ = {isa = PBXBuildFile; fileRef = 7B08D1E614B876BE00AD3516 /* icon_yes.png */; };
		7B08D1EB14B9569600AD3516 /* AppDelegate.mm in Sources */ = {isa = PBXBuildFile; fileRef = 7BF44B9C14ACA0AF00AF3D30 /* AppDelegate.mm */; };
		7B08D1EC14B9569F00AD3516 /* Lockable.cpp in Sources */ = {isa = PBXBuildFile; fileRef = 7BF44BA714ACA0AF00AF3D30 /* Lockable.cpp */; };
		7B08D1ED14B956A400AD3516 /* Serializable.cpp in Sources */ = {isa = PBXBuildFile; fileRef = 7BF44BAB14ACA0AF00AF3D30 /* Serializable.cpp */; };
		7B08D1EF14B956AB00AD3516 /* Task.cpp in Sources */ = {isa = PBXBuildFile; fileRef = 7BF44BAE14ACA0AF00AF3D30 /* Task.cpp */; };
		7B08D1F014B956AE00AD3516 /* UnrarTask.cpp in Sources */ = {isa = PBXBuildFile; fileRef = 7BF44BB214ACA0AF00AF3D30 /* UnrarTask.cpp */; };
		7B08D1F114B956B200AD3516 /* RarArchive.cpp in Sources */ = {isa = PBXBuildFile; fileRef = 7BF44BA914ACA0AF00AF3D30 /* RarArchive.cpp */; };
		7B08D1F214B956BD00AD3516 /* MainMenu.xib in Resources */ = {isa = PBXBuildFile; fileRef = 7BF44BA114ACA0AF00AF3D30 /* MainMenu.xib */; };
		7B08D1F514B956E900AD3516 /* Credits.rtf in Resources */ = {isa = PBXBuildFile; fileRef = 7BF44B9D14ACA0AF00AF3D30 /* Credits.rtf */; };
		7B08D1F614B9786400AD3516 /* InfoPlist.strings in Resources */ = {isa = PBXBuildFile; fileRef = 7BF44B9F14ACA0AF00AF3D30 /* InfoPlist.strings */; };
		7B08D20014B9E97E00AD3516 /* UnrarTreeNameCell.m in Sources */ = {isa = PBXBuildFile; fileRef = 7B08D1FF14B9E97E00AD3516 /* UnrarTreeNameCell.m */; };
		7B11D5A014CAF4AF001B1591 /* NotificationController.mm in Sources */ = {isa = PBXBuildFile; fileRef = 7B11D59F14CAF4AF001B1591 /* NotificationController.mm */; };
		7B2BF5AB1510F00A0028CF6F /* libunrar.so in Frameworks */ = {isa = PBXBuildFile; fileRef = 7B2BF5A91510F00A0028CF6F /* libunrar.so */; };
		7B341A9614ACC4FD008F698D /* main.mm in Sources */ = {isa = PBXBuildFile; fileRef = 7BF44BA514ACA0AF00AF3D30 /* main.mm */; };
		7B3870CD150C87B10098E8A8 /* UnzipTask.cpp in Sources */ = {isa = PBXBuildFile; fileRef = 7B3870CB150C87B00098E8A8 /* UnzipTask.cpp */; };
		7B3EB60714BB33F600025A26 /* LCDCell.m in Sources */ = {isa = PBXBuildFile; fileRef = 7B3EB60614BB33F600025A26 /* LCDCell.m */; };
		7B3EB67E14BC4AD700025A26 /* TaskScheduler.cpp in Sources */ = {isa = PBXBuildFile; fileRef = 7B3EB67C14BC4AD700025A26 /* TaskScheduler.cpp */; };
		7B3EB68514BC5EDE00025A26 /* button_pause.png in Resources */ = {isa = PBXBuildFile; fileRef = 7B3EB68014BC5EDE00025A26 /* button_pause.png */; };
		7B3EB68714BC5EDE00025A26 /* button_play.png in Resources */ = {isa = PBXBuildFile; fileRef = 7B3EB68214BC5EDE00025A26 /* button_play.png */; };
		7B3EB68814BC5EDE00025A26 /* lcd3.tif in Resources */ = {isa = PBXBuildFile; fileRef = 7B3EB68314BC5EDE00025A26 /* lcd3.tif */; };
		7B4110F816490FA5006C53CE /* unzip in Resources */ = {isa = PBXBuildFile; fileRef = 7B4110F716490FA5006C53CE /* unzip */; };
		7B4110F9164910EF006C53CE /* unzip in CopyFiles */ = {isa = PBXBuildFile; fileRef = 7B4110F716490FA5006C53CE /* unzip */; };
		7B4EBB4C14BACC3F005A2A42 /* TaskProgressCell.m in Sources */ = {isa = PBXBuildFile; fileRef = 7B4EBB4B14BACC3F005A2A42 /* TaskProgressCell.m */; };
		7B4EBB5414BB14D7005A2A42 /* LCDView.m in Sources */ = {isa = PBXBuildFile; fileRef = 7B4EBB5314BB14D7005A2A42 /* LCDView.m */; };
		7B7F296914AF582E00A12467 /* UnrarTaskController.mm in Sources */ = {isa = PBXBuildFile; fileRef = 7B7F296814AF582E00A12467 /* UnrarTaskController.mm */; };
		7B7F9CBE14C32FE2007414BF /* NSString+NormalizedString.m in Sources */ = {isa = PBXBuildFile; fileRef = 7B7F9CBD14C32FE2007414BF /* NSString+NormalizedString.m */; };
		7BB321A914B2E369006AEA0D /* UnrarTreeTableView.mm in Sources */ = {isa = PBXBuildFile; fileRef = 7BB321A814B2E369006AEA0D /* UnrarTreeTableView.mm */; };
		7BD8B59D14BF327500FCE9E9 /* task_prepared.png in Resources */ = {isa = PBXBuildFile; fileRef = 7BD8B59A14BF327500FCE9E9 /* task_prepared.png */; };
		7BD8B59E14BF327500FCE9E9 /* task_running.png in Resources */ = {isa = PBXBuildFile; fileRef = 7BD8B59B14BF327500FCE9E9 /* task_running.png */; };
		7BD8B59F14BF327500FCE9E9 /* task_suspend.png in Resources */ = {isa = PBXBuildFile; fileRef = 7BD8B59C14BF327500FCE9E9 /* task_suspend.png */; };
		7BEC9B9814BAA4F90017C349 /* TaskStateCell.m in Sources */ = {isa = PBXBuildFile; fileRef = 7BEC9B9714BAA4F90017C349 /* TaskStateCell.m */; };
		7BF4251915DA42BD009515F0 /* libunrar.so in CopyFiles */ = {isa = PBXBuildFile; fileRef = 7B2BF5A91510F00A0028CF6F /* libunrar.so */; };
		7BF44B5E14AC398100AF3D30 /* Cocoa.framework in Frameworks */ = {isa = PBXBuildFile; fileRef = 7BF44B5D14AC398100AF3D30 /* Cocoa.framework */; };
		7BFF372D167C8BF0008CDB88 /* UnrarTask.xib in Resources */ = {isa = PBXBuildFile; fileRef = 7BFF372F167C8BF0008CDB88 /* UnrarTask.xib */; };
		7BFF3742167C901F008CDB88 /* Localizable.strings in Resources */ = {isa = PBXBuildFile; fileRef = 7BFF3744167C901F008CDB88 /* Localizable.strings */; };
/* End PBXBuildFile section */

/* Begin PBXCopyFilesBuildPhase section */
		7BF4251815DA42A6009515F0 /* CopyFiles */ = {
			isa = PBXCopyFilesBuildPhase;
			buildActionMask = 2147483647;
			dstPath = "";
			dstSubfolderSpec = 6;
			files = (
				7B4110F9164910EF006C53CE /* unzip in CopyFiles */,
				7BF4251915DA42BD009515F0 /* libunrar.so in CopyFiles */,
			);
			runOnlyForDeploymentPostprocessing = 0;
		};
/* End PBXCopyFilesBuildPhase section */

/* Begin PBXFileReference section */
		7B08D1D914B5FFC500AD3516 /* ExtractManager.icns */ = {isa = PBXFileReference; lastKnownFileType = image.icns; name = ExtractManager.icns; path = ../../ExtractManager.icns; sourceTree = "<group>"; };
		7B08D1E314B876BE00AD3516 /* icon_no.png */ = {isa = PBXFileReference; lastKnownFileType = image.png; path = icon_no.png; sourceTree = "<group>"; };
		7B08D1E414B876BE00AD3516 /* icon_prepared.png */ = {isa = PBXFileReference; lastKnownFileType = image.png; path = icon_prepared.png; sourceTree = "<group>"; };
		7B08D1E514B876BE00AD3516 /* icon_running.png */ = {isa = PBXFileReference; lastKnownFileType = image.png; path = icon_running.png; sourceTree = "<group>"; };
		7B08D1E614B876BE00AD3516 /* icon_yes.png */ = {isa = PBXFileReference; lastKnownFileType = image.png; path = icon_yes.png; sourceTree = "<group>"; };
		7B08D1FE14B9E97E00AD3516 /* UnrarTreeNameCell.h */ = {isa = PBXFileReference; fileEncoding = 4; lastKnownFileType = sourcecode.c.h; path = UnrarTreeNameCell.h; sourceTree = "<group>"; };
		7B08D1FF14B9E97E00AD3516 /* UnrarTreeNameCell.m */ = {isa = PBXFileReference; fileEncoding = 4; lastKnownFileType = sourcecode.c.objc; path = UnrarTreeNameCell.m; sourceTree = "<group>"; };
		7B11D59E14CAF4AF001B1591 /* NotificationController.h */ = {isa = PBXFileReference; fileEncoding = 4; lastKnownFileType = sourcecode.c.h; path = NotificationController.h; sourceTree = "<group>"; };
		7B11D59F14CAF4AF001B1591 /* NotificationController.mm */ = {isa = PBXFileReference; fileEncoding = 4; lastKnownFileType = sourcecode.cpp.objcpp; path = NotificationController.mm; sourceTree = "<group>"; };
		7B11D5D814CBC7C1001B1591 /* CoreGraphicsHelper.h */ = {isa = PBXFileReference; fileEncoding = 4; lastKnownFileType = sourcecode.c.h; path = CoreGraphicsHelper.h; sourceTree = "<group>"; };
		7B2BF5A91510F00A0028CF6F /* libunrar.so */ = {isa = PBXFileReference; lastKnownFileType = "compiled.mach-o.dylib"; name = libunrar.so; path = unrarlib/libunrar.so; sourceTree = "<group>"; };
		7B2BF5AA1510F00A0028CF6F /* unrar.h */ = {isa = PBXFileReference; fileEncoding = 4; lastKnownFileType = sourcecode.c.h; name = unrar.h; path = unrarlib/unrar.h; sourceTree = "<group>"; };
		7B3870CB150C87B00098E8A8 /* UnzipTask.cpp */ = {isa = PBXFileReference; fileEncoding = 4; lastKnownFileType = sourcecode.cpp.cpp; path = UnzipTask.cpp; sourceTree = "<group>"; };
		7B3870CC150C87B10098E8A8 /* UnzipTask.h */ = {isa = PBXFileReference; fileEncoding = 4; lastKnownFileType = sourcecode.c.h; path = UnzipTask.h; sourceTree = "<group>"; };
		7B3EB60514BB33F600025A26 /* LCDCell.h */ = {isa = PBXFileReference; fileEncoding = 4; lastKnownFileType = sourcecode.c.h; path = LCDCell.h; sourceTree = "<group>"; };
		7B3EB60614BB33F600025A26 /* LCDCell.m */ = {isa = PBXFileReference; fileEncoding = 4; lastKnownFileType = sourcecode.c.objc; path = LCDCell.m; sourceTree = "<group>"; };
		7B3EB67C14BC4AD700025A26 /* TaskScheduler.cpp */ = {isa = PBXFileReference; fileEncoding = 4; lastKnownFileType = sourcecode.cpp.cpp; path = TaskScheduler.cpp; sourceTree = "<group>"; };
		7B3EB67D14BC4AD700025A26 /* TaskScheduler.h */ = {isa = PBXFileReference; fileEncoding = 4; lastKnownFileType = sourcecode.c.h; path = TaskScheduler.h; sourceTree = "<group>"; };
		7B3EB68014BC5EDE00025A26 /* button_pause.png */ = {isa = PBXFileReference; lastKnownFileType = image.png; path = button_pause.png; sourceTree = "<group>"; };
		7B3EB68214BC5EDE00025A26 /* button_play.png */ = {isa = PBXFileReference; lastKnownFileType = image.png; path = button_play.png; sourceTree = "<group>"; };
		7B3EB68314BC5EDE00025A26 /* lcd3.tif */ = {isa = PBXFileReference; lastKnownFileType = image.tiff; path = lcd3.tif; sourceTree = "<group>"; };
		7B4110F716490FA5006C53CE /* unzip */ = {isa = PBXFileReference; lastKnownFileType = "compiled.mach-o.executable"; name = unzip; path = ExtractManager/bin/unzip; sourceTree = "<group>"; };
		7B4EBB4A14BACC3F005A2A42 /* TaskProgressCell.h */ = {isa = PBXFileReference; fileEncoding = 4; lastKnownFileType = sourcecode.c.h; path = TaskProgressCell.h; sourceTree = "<group>"; };
		7B4EBB4B14BACC3F005A2A42 /* TaskProgressCell.m */ = {isa = PBXFileReference; fileEncoding = 4; lastKnownFileType = sourcecode.c.objc; path = TaskProgressCell.m; sourceTree = "<group>"; };
		7B4EBB5214BB14D7005A2A42 /* LCDView.h */ = {isa = PBXFileReference; fileEncoding = 4; lastKnownFileType = sourcecode.c.h; path = LCDView.h; sourceTree = "<group>"; };
		7B4EBB5314BB14D7005A2A42 /* LCDView.m */ = {isa = PBXFileReference; fileEncoding = 4; lastKnownFileType = sourcecode.c.objc; path = LCDView.m; sourceTree = "<group>"; };
		7B7F296414AF4A0700A12467 /* TaskController.h */ = {isa = PBXFileReference; fileEncoding = 4; lastKnownFileType = sourcecode.c.h; path = TaskController.h; sourceTree = "<group>"; };
		7B7F296714AF582E00A12467 /* UnrarTaskController.h */ = {isa = PBXFileReference; fileEncoding = 4; lastKnownFileType = sourcecode.c.h; path = UnrarTaskController.h; sourceTree = "<group>"; };
		7B7F296814AF582E00A12467 /* UnrarTaskController.mm */ = {isa = PBXFileReference; fileEncoding = 4; lastKnownFileType = sourcecode.cpp.objcpp; path = UnrarTaskController.mm; sourceTree = "<group>"; };
		7B7F9CBC14C32FE2007414BF /* NSString+NormalizedString.h */ = {isa = PBXFileReference; fileEncoding = 4; lastKnownFileType = sourcecode.c.h; name = "NSString+NormalizedString.h"; path = "../NSString+NormalizedString.h"; sourceTree = "<group>"; };
		7B7F9CBD14C32FE2007414BF /* NSString+NormalizedString.m */ = {isa = PBXFileReference; fileEncoding = 4; lastKnownFileType = sourcecode.c.objc; name = "NSString+NormalizedString.m"; path = "../NSString+NormalizedString.m"; sourceTree = "<group>"; };
		7BB321A714B2E369006AEA0D /* UnrarTreeTableView.h */ = {isa = PBXFileReference; fileEncoding = 4; lastKnownFileType = sourcecode.c.h; path = UnrarTreeTableView.h; sourceTree = "<group>"; };
		7BB321A814B2E369006AEA0D /* UnrarTreeTableView.mm */ = {isa = PBXFileReference; fileEncoding = 4; lastKnownFileType = sourcecode.cpp.objcpp; path = UnrarTreeTableView.mm; sourceTree = "<group>"; };
		7BD8B59A14BF327500FCE9E9 /* task_prepared.png */ = {isa = PBXFileReference; lastKnownFileType = image.png; path = task_prepared.png; sourceTree = "<group>"; };
		7BD8B59B14BF327500FCE9E9 /* task_running.png */ = {isa = PBXFileReference; lastKnownFileType = image.png; path = task_running.png; sourceTree = "<group>"; };
		7BD8B59C14BF327500FCE9E9 /* task_suspend.png */ = {isa = PBXFileReference; lastKnownFileType = image.png; path = task_suspend.png; sourceTree = "<group>"; };
		7BEC9B9614BAA4F90017C349 /* TaskStateCell.h */ = {isa = PBXFileReference; fileEncoding = 4; lastKnownFileType = sourcecode.c.h; path = TaskStateCell.h; sourceTree = "<group>"; };
		7BEC9B9714BAA4F90017C349 /* TaskStateCell.m */ = {isa = PBXFileReference; fileEncoding = 4; lastKnownFileType = sourcecode.c.objc; path = TaskStateCell.m; sourceTree = "<group>"; };
		7BF44B5914AC398100AF3D30 /* ExtractManager.app */ = {isa = PBXFileReference; explicitFileType = wrapper.application; includeInIndex = 0; path = ExtractManager.app; sourceTree = BUILT_PRODUCTS_DIR; };
		7BF44B5D14AC398100AF3D30 /* Cocoa.framework */ = {isa = PBXFileReference; lastKnownFileType = wrapper.framework; name = Cocoa.framework; path = System/Library/Frameworks/Cocoa.framework; sourceTree = SDKROOT; };
		7BF44B6014AC398100AF3D30 /* AppKit.framework */ = {isa = PBXFileReference; lastKnownFileType = wrapper.framework; name = AppKit.framework; path = System/Library/Frameworks/AppKit.framework; sourceTree = SDKROOT; };
		7BF44B6114AC398100AF3D30 /* CoreData.framework */ = {isa = PBXFileReference; lastKnownFileType = wrapper.framework; name = CoreData.framework; path = System/Library/Frameworks/CoreData.framework; sourceTree = SDKROOT; };
		7BF44B6214AC398100AF3D30 /* Foundation.framework */ = {isa = PBXFileReference; lastKnownFileType = wrapper.framework; name = Foundation.framework; path = System/Library/Frameworks/Foundation.framework; sourceTree = SDKROOT; };
		7BF44B9B14ACA0AF00AF3D30 /* AppDelegate.h */ = {isa = PBXFileReference; lastKnownFileType = sourcecode.c.h; path = AppDelegate.h; sourceTree = "<group>"; };
		7BF44B9C14ACA0AF00AF3D30 /* AppDelegate.mm */ = {isa = PBXFileReference; lastKnownFileType = sourcecode.cpp.objcpp; path = AppDelegate.mm; sourceTree = "<group>"; };
		7BF44B9E14ACA0AF00AF3D30 /* en */ = {isa = PBXFileReference; lastKnownFileType = text.rtf; name = en; path = en.lproj/Credits.rtf; sourceTree = "<group>"; };
		7BF44BA014ACA0AF00AF3D30 /* en */ = {isa = PBXFileReference; lastKnownFileType = text.plist.strings; name = en; path = en.lproj/InfoPlist.strings; sourceTree = "<group>"; };
		7BF44BA214ACA0AF00AF3D30 /* en */ = {isa = PBXFileReference; lastKnownFileType = file.xib; name = en; path = en.lproj/MainMenu.xib; sourceTree = "<group>"; };
		7BF44BA314ACA0AF00AF3D30 /* ExtractManager-Info.plist */ = {isa = PBXFileReference; lastKnownFileType = text.plist.xml; path = "ExtractManager-Info.plist"; sourceTree = "<group>"; };
		7BF44BA414ACA0AF00AF3D30 /* ExtractManager-Prefix.pch */ = {isa = PBXFileReference; lastKnownFileType = sourcecode.c.h; path = "ExtractManager-Prefix.pch"; sourceTree = "<group>"; };
		7BF44BA514ACA0AF00AF3D30 /* main.mm */ = {isa = PBXFileReference; lastKnownFileType = sourcecode.cpp.objcpp; path = main.mm; sourceTree = "<group>"; };
		7BF44BA714ACA0AF00AF3D30 /* Lockable.cpp */ = {isa = PBXFileReference; lastKnownFileType = sourcecode.cpp.cpp; path = Lockable.cpp; sourceTree = "<group>"; };
		7BF44BA814ACA0AF00AF3D30 /* Lockable.h */ = {isa = PBXFileReference; lastKnownFileType = sourcecode.c.h; path = Lockable.h; sourceTree = "<group>"; };
		7BF44BA914ACA0AF00AF3D30 /* RarArchive.cpp */ = {isa = PBXFileReference; lastKnownFileType = sourcecode.cpp.cpp; path = RarArchive.cpp; sourceTree = "<group>"; };
		7BF44BAA14ACA0AF00AF3D30 /* RarArchive.h */ = {isa = PBXFileReference; lastKnownFileType = sourcecode.c.h; path = RarArchive.h; sourceTree = "<group>"; };
		7BF44BAB14ACA0AF00AF3D30 /* Serializable.cpp */ = {isa = PBXFileReference; lastKnownFileType = sourcecode.cpp.cpp; path = Serializable.cpp; sourceTree = "<group>"; };
		7BF44BAC14ACA0AF00AF3D30 /* Serializable.h */ = {isa = PBXFileReference; lastKnownFileType = sourcecode.c.h; path = Serializable.h; sourceTree = "<group>"; };
		7BF44BAD14ACA0AF00AF3D30 /* SmartPtr.h */ = {isa = PBXFileReference; lastKnownFileType = sourcecode.c.h; path = SmartPtr.h; sourceTree = "<group>"; };
		7BF44BAE14ACA0AF00AF3D30 /* Task.cpp */ = {isa = PBXFileReference; lastKnownFileType = sourcecode.cpp.cpp; path = Task.cpp; sourceTree = "<group>"; };
		7BF44BAF14ACA0AF00AF3D30 /* Task.h */ = {isa = PBXFileReference; lastKnownFileType = sourcecode.c.h; path = Task.h; sourceTree = "<group>"; };
		7BF44BB214ACA0AF00AF3D30 /* UnrarTask.cpp */ = {isa = PBXFileReference; lastKnownFileType = sourcecode.cpp.cpp; path = UnrarTask.cpp; sourceTree = "<group>"; };
		7BF44BB314ACA0AF00AF3D30 /* UnrarTask.h */ = {isa = PBXFileReference; lastKnownFileType = sourcecode.c.h; path = UnrarTask.h; sourceTree = "<group>"; };
		7BFF372E167C8BF0008CDB88 /* en */ = {isa = PBXFileReference; lastKnownFileType = file.xib; name = en; path = en.lproj/UnrarTask.xib; sourceTree = "<group>"; };
		7BFF3733167C8D80008CDB88 /* ja */ = {isa = PBXFileReference; lastKnownFileType = text.plist.strings; name = ja; path = ja.lproj/InfoPlist.strings; sourceTree = "<group>"; };
		7BFF3734167C8D80008CDB88 /* ja */ = {isa = PBXFileReference; lastKnownFileType = text.rtf; name = ja; path = ja.lproj/Credits.rtf; sourceTree = "<group>"; };
		7BFF3739167C8EBE008CDB88 /* ja */ = {isa = PBXFileReference; lastKnownFileType = text.plist.strings; name = ja; path = ExtractManager/ja.lproj/MainMenu.strings; sourceTree = SOURCE_ROOT; };
		7BFF373B167C8EBE008CDB88 /* ja */ = {isa = PBXFileReference; lastKnownFileType = text.plist.strings; name = ja; path = ExtractManager/ja.lproj/UnrarTask.strings; sourceTree = SOURCE_ROOT; };
		7BFF3743167C901F008CDB88 /* ja */ = {isa = PBXFileReference; lastKnownFileType = text.plist.strings; name = ja; path = ja.lproj/Localizable.strings; sourceTree = "<group>"; };
/* End PBXFileReference section */

/* Begin PBXFrameworksBuildPhase section */
		7BF44B5614AC398100AF3D30 /* Frameworks */ = {
			isa = PBXFrameworksBuildPhase;
			buildActionMask = 2147483647;
			files = (
				7BF44B5E14AC398100AF3D30 /* Cocoa.framework in Frameworks */,
				7B2BF5AB1510F00A0028CF6F /* libunrar.so in Frameworks */,
			);
			runOnlyForDeploymentPostprocessing = 0;
		};
/* End PBXFrameworksBuildPhase section */

/* Begin PBXGroup section */
		7B08D20914BA84A300AD3516 /* foundations */ = {
			isa = PBXGroup;
			children = (
				7BF44BAD14ACA0AF00AF3D30 /* SmartPtr.h */,
				7BF44BA814ACA0AF00AF3D30 /* Lockable.h */,
				7BF44BA714ACA0AF00AF3D30 /* Lockable.cpp */,
				7BF44BAC14ACA0AF00AF3D30 /* Serializable.h */,
				7BF44BAB14ACA0AF00AF3D30 /* Serializable.cpp */,
				7B7F9CBC14C32FE2007414BF /* NSString+NormalizedString.h */,
				7B7F9CBD14C32FE2007414BF /* NSString+NormalizedString.m */,
				7B11D5D814CBC7C1001B1591 /* CoreGraphicsHelper.h */,
			);
			name = foundations;
			path = model;
			sourceTree = "<group>";
		};
		7B2BF5AC1510F1A80028CF6F /* Libraries */ = {
			isa = PBXGroup;
			children = (
				7B2BF5A91510F00A0028CF6F /* libunrar.so */,
				7B2BF5AA1510F00A0028CF6F /* unrar.h */,
			);
			name = Libraries;
			path = ExtractManager;
			sourceTree = "<group>";
		};
		7B4110F516490F79006C53CE /* Coprograms */ = {
			isa = PBXGroup;
			children = (
				7B4110F716490FA5006C53CE /* unzip */,
			);
			name = Coprograms;
			sourceTree = "<group>";
		};
		7BB321A514B2B17E006AEA0D /* controllers */ = {
			isa = PBXGroup;
			children = (
				7BF44B9B14ACA0AF00AF3D30 /* AppDelegate.h */,
				7BF44B9C14ACA0AF00AF3D30 /* AppDelegate.mm */,
				7B7F296414AF4A0700A12467 /* TaskController.h */,
				7B7F296714AF582E00A12467 /* UnrarTaskController.h */,
				7B7F296814AF582E00A12467 /* UnrarTaskController.mm */,
				7B11D59E14CAF4AF001B1591 /* NotificationController.h */,
				7B11D59F14CAF4AF001B1591 /* NotificationController.mm */,
			);
			name = controllers;
			sourceTree = "<group>";
		};
		7BB321A614B2E31E006AEA0D /* views */ = {
			isa = PBXGroup;
			children = (
				7BB321A714B2E369006AEA0D /* UnrarTreeTableView.h */,
				7BB321A814B2E369006AEA0D /* UnrarTreeTableView.mm */,
				7B08D1FE14B9E97E00AD3516 /* UnrarTreeNameCell.h */,
				7B08D1FF14B9E97E00AD3516 /* UnrarTreeNameCell.m */,
				7BEC9B9614BAA4F90017C349 /* TaskStateCell.h */,
				7BEC9B9714BAA4F90017C349 /* TaskStateCell.m */,
				7B4EBB4A14BACC3F005A2A42 /* TaskProgressCell.h */,
				7B4EBB4B14BACC3F005A2A42 /* TaskProgressCell.m */,
				7B4EBB5214BB14D7005A2A42 /* LCDView.h */,
				7B4EBB5314BB14D7005A2A42 /* LCDView.m */,
				7B3EB60514BB33F600025A26 /* LCDCell.h */,
				7B3EB60614BB33F600025A26 /* LCDCell.m */,
			);
			name = views;
			sourceTree = "<group>";
		};
		7BF44B4E14AC398100AF3D30 = {
			isa = PBXGroup;
			children = (
				7BF44B9A14ACA0AF00AF3D30 /* ExtractManager */,
				7B2BF5AC1510F1A80028CF6F /* Libraries */,
				7B4110F516490F79006C53CE /* Coprograms */,
				7BF44B5C14AC398100AF3D30 /* Frameworks */,
				7BF44B5A14AC398100AF3D30 /* Products */,
			);
			sourceTree = "<group>";
		};
		7BF44B5A14AC398100AF3D30 /* Products */ = {
			isa = PBXGroup;
			children = (
				7BF44B5914AC398100AF3D30 /* ExtractManager.app */,
			);
			name = Products;
			sourceTree = "<group>";
		};
		7BF44B5C14AC398100AF3D30 /* Frameworks */ = {
			isa = PBXGroup;
			children = (
				7BF44B5D14AC398100AF3D30 /* Cocoa.framework */,
				7BF44B5F14AC398100AF3D30 /* Other Frameworks */,
			);
			name = Frameworks;
			sourceTree = "<group>";
		};
		7BF44B5F14AC398100AF3D30 /* Other Frameworks */ = {
			isa = PBXGroup;
			children = (
				7BF44B6014AC398100AF3D30 /* AppKit.framework */,
				7BF44B6114AC398100AF3D30 /* CoreData.framework */,
				7BF44B6214AC398100AF3D30 /* Foundation.framework */,
			);
			name = "Other Frameworks";
			sourceTree = "<group>";
		};
		7BF44B9A14ACA0AF00AF3D30 /* ExtractManager */ = {
			isa = PBXGroup;
			children = (
				7B08D20914BA84A300AD3516 /* foundations */,
				7BF44BA614ACA0AF00AF3D30 /* models */,
				7BB321A614B2E31E006AEA0D /* views */,
				7BB321A514B2B17E006AEA0D /* controllers */,
				7BF44BB414ACA0AF00AF3D30 /* resources */,
				7BF44BBD14ACA10500AF3D30 /* Supporting files */,
			);
			path = ExtractManager;
			sourceTree = "<group>";
		};
		7BF44BA614ACA0AF00AF3D30 /* models */ = {
			isa = PBXGroup;
			children = (
				7BF44BAA14ACA0AF00AF3D30 /* RarArchive.h */,
				7BF44BA914ACA0AF00AF3D30 /* RarArchive.cpp */,
				7B3EB67D14BC4AD700025A26 /* TaskScheduler.h */,
				7B3EB67C14BC4AD700025A26 /* TaskScheduler.cpp */,
				7BF44BAF14ACA0AF00AF3D30 /* Task.h */,
				7BF44BAE14ACA0AF00AF3D30 /* Task.cpp */,
				7BF44BB314ACA0AF00AF3D30 /* UnrarTask.h */,
				7BF44BB214ACA0AF00AF3D30 /* UnrarTask.cpp */,
				7B3870CC150C87B10098E8A8 /* UnzipTask.h */,
				7B3870CB150C87B00098E8A8 /* UnzipTask.cpp */,
			);
			name = models;
			path = model;
			sourceTree = "<group>";
		};
		7BF44BB414ACA0AF00AF3D30 /* resources */ = {
			isa = PBXGroup;
			children = (
				7BF44BA114ACA0AF00AF3D30 /* MainMenu.xib */,
				7BFF3738167C8EBE008CDB88 /* MainMenu.strings */,
				7BFF372F167C8BF0008CDB88 /* UnrarTask.xib */,
				7BFF373A167C8EBE008CDB88 /* UnrarTask.strings */,
				7BFF3744167C901F008CDB88 /* Localizable.strings */,
				7B08D1E314B876BE00AD3516 /* icon_no.png */,
				7B08D1E414B876BE00AD3516 /* icon_prepared.png */,
				7B08D1E514B876BE00AD3516 /* icon_running.png */,
				7B08D1E614B876BE00AD3516 /* icon_yes.png */,
				7BD8B59A14BF327500FCE9E9 /* task_prepared.png */,
				7BD8B59B14BF327500FCE9E9 /* task_running.png */,
				7BD8B59C14BF327500FCE9E9 /* task_suspend.png */,
				7B08D1D914B5FFC500AD3516 /* ExtractManager.icns */,
				7B3EB68314BC5EDE00025A26 /* lcd3.tif */,
				7B3EB68014BC5EDE00025A26 /* button_pause.png */,
				7B3EB68214BC5EDE00025A26 /* button_play.png */,
			);
			path = resources;
			sourceTree = "<group>";
		};
		7BF44BBD14ACA10500AF3D30 /* Supporting files */ = {
			isa = PBXGroup;
			children = (
				7BF44BA314ACA0AF00AF3D30 /* ExtractManager-Info.plist */,
				7BF44B9F14ACA0AF00AF3D30 /* InfoPlist.strings */,
				7BF44BA514ACA0AF00AF3D30 /* main.mm */,
				7BF44BA414ACA0AF00AF3D30 /* ExtractManager-Prefix.pch */,
				7BF44B9D14ACA0AF00AF3D30 /* Credits.rtf */,
			);
			name = "Supporting files";
			sourceTree = "<group>";
		};
/* End PBXGroup section */

/* Begin PBXNativeTarget section */
		7BF44B5814AC398100AF3D30 /* ExtractManager */ = {
			isa = PBXNativeTarget;
			buildConfigurationList = 7BF44B7714AC398200AF3D30 /* Build configuration list for PBXNativeTarget "ExtractManager" */;
			buildPhases = (
				7BF44B5514AC398100AF3D30 /* Sources */,
				7BF44B5614AC398100AF3D30 /* Frameworks */,
				7BF44B5714AC398100AF3D30 /* Resources */,
				7BF4251815DA42A6009515F0 /* CopyFiles */,
				7B4110FC16491617006C53CE /* ShellScript */,
				7BFF3745167C906F008CDB88 /* ShellScript */,
			);
			buildRules = (
			);
			dependencies = (
			);
			name = ExtractManager;
			productName = ExtractManager;
			productReference = 7BF44B5914AC398100AF3D30 /* ExtractManager.app */;
			productType = "com.apple.product-type.application";
		};
/* End PBXNativeTarget section */

/* Begin PBXProject section */
		7BF44B5014AC398100AF3D30 /* Project object */ = {
			isa = PBXProject;
			attributes = {
				LastUpgradeCheck = 0420;
			};
			buildConfigurationList = 7BF44B5314AC398100AF3D30 /* Build configuration list for PBXProject "ExtractManager" */;
			compatibilityVersion = "Xcode 3.2";
			developmentRegion = English;
			hasScannedForEncodings = 0;
			knownRegions = (
				en,
				ja,
			);
			mainGroup = 7BF44B4E14AC398100AF3D30;
			productRefGroup = 7BF44B5A14AC398100AF3D30 /* Products */;
			projectDirPath = "";
			projectRoot = "";
			targets = (
				7BF44B5814AC398100AF3D30 /* ExtractManager */,
			);
		};
/* End PBXProject section */

/* Begin PBXResourcesBuildPhase section */
		7BF44B5714AC398100AF3D30 /* Resources */ = {
			isa = PBXResourcesBuildPhase;
			buildActionMask = 2147483647;
			files = (
				7BFF372D167C8BF0008CDB88 /* UnrarTask.xib in Resources */,
				7B08D1DA14B5FFC500AD3516 /* ExtractManager.icns in Resources */,
				7B08D1E714B876BE00AD3516 /* icon_no.png in Resources */,
				7B08D1E814B876BE00AD3516 /* icon_prepared.png in Resources */,
				7B08D1E914B876BE00AD3516 /* icon_running.png in Resources */,
				7B08D1EA14B876BE00AD3516 /* icon_yes.png in Resources */,
				7B08D1F214B956BD00AD3516 /* MainMenu.xib in Resources */,
				7B08D1F514B956E900AD3516 /* Credits.rtf in Resources */,
				7B08D1F614B9786400AD3516 /* InfoPlist.strings in Resources */,
				7B3EB68514BC5EDE00025A26 /* button_pause.png in Resources */,
				7B3EB68714BC5EDE00025A26 /* button_play.png in Resources */,
				7B3EB68814BC5EDE00025A26 /* lcd3.tif in Resources */,
				7BD8B59D14BF327500FCE9E9 /* task_prepared.png in Resources */,
				7BD8B59E14BF327500FCE9E9 /* task_running.png in Resources */,
				7BD8B59F14BF327500FCE9E9 /* task_suspend.png in Resources */,
				7B4110F816490FA5006C53CE /* unzip in Resources */,
				7BFF3742167C901F008CDB88 /* Localizable.strings in Resources */,
			);
			runOnlyForDeploymentPostprocessing = 0;
		};
/* End PBXResourcesBuildPhase section */

/* Begin PBXShellScriptBuildPhase section */
		7B4110FC16491617006C53CE /* ShellScript */ = {
			isa = PBXShellScriptBuildPhase;
			buildActionMask = 2147483647;
			files = (
			);
			inputPaths = (
			);
			outputPaths = (
			);
			runOnlyForDeploymentPostprocessing = 0;
			shellPath = /bin/sh;
			shellScript = "rm -f \"${TARGET_BUILD_DIR}/${EXECUTABLE_FOLDER_PATH}/zipinfo\"\nln \"${TARGET_BUILD_DIR}/${EXECUTABLE_FOLDER_PATH}/unzip\" \"${TARGET_BUILD_DIR}/${EXECUTABLE_FOLDER_PATH}/zipinfo\"";
		};
		7BFF3745167C906F008CDB88 /* ShellScript */ = {
			isa = PBXShellScriptBuildPhase;
			buildActionMask = 2147483647;
			files = (
			);
			inputPaths = (
				"$(SRCROOT)/ExtractManager/ja.lproj/MainMenu.strings",
				"$(SRCROOT)/ExtractManager/en.lproj/MainMenu.xib",
				"$(SRCROOT)/ExtractManager/ja.lproj/UnrarTask.strings",
				"$(SRCROOT)/ExtractManager/en.lproj/UnrarTask.xib",
			);
			outputPaths = (
				"$(TARGET_BUILD_DIR)/$(UNLOCALIZED_RESOURCES_FOLDER_PATH)/ja.lproj/MainMenu.nib",
				"$(TARGET_BUILD_DIR)/$(UNLOCALIZED_RESOURCES_FOLDER_PATH)/ja.lproj/UnrarTask.nib",
			);
			runOnlyForDeploymentPostprocessing = 0;
			shellPath = /bin/sh;
			shellScript = "for f in MainMenu UnrarTask;do\nibtool --import-strings-file ExtractManager/ja.lproj/${f}.strings --compile \"${TARGET_BUILD_DIR}/${UNLOCALIZED_RESOURCES_FOLDER_PATH}/ja.lproj/${f}.nib\" --output-format binary1 ExtractManager/en.lproj/${f}.xib || exit 1\ndone";
		};
/* End PBXShellScriptBuildPhase section */

/* Begin PBXSourcesBuildPhase section */
		7BF44B5514AC398100AF3D30 /* Sources */ = {
			isa = PBXSourcesBuildPhase;
			buildActionMask = 2147483647;
			files = (
				7B341A9614ACC4FD008F698D /* main.mm in Sources */,
				7B7F296914AF582E00A12467 /* UnrarTaskController.mm in Sources */,
				7BB321A914B2E369006AEA0D /* UnrarTreeTableView.mm in Sources */,
				7B08D1EB14B9569600AD3516 /* AppDelegate.mm in Sources */,
				7B08D1EC14B9569F00AD3516 /* Lockable.cpp in Sources */,
				7B08D1ED14B956A400AD3516 /* Serializable.cpp in Sources */,
				7B08D1EF14B956AB00AD3516 /* Task.cpp in Sources */,
				7B08D1F014B956AE00AD3516 /* UnrarTask.cpp in Sources */,
				7B08D1F114B956B200AD3516 /* RarArchive.cpp in Sources */,
				7B08D20014B9E97E00AD3516 /* UnrarTreeNameCell.m in Sources */,
				7BEC9B9814BAA4F90017C349 /* TaskStateCell.m in Sources */,
				7B4EBB4C14BACC3F005A2A42 /* TaskProgressCell.m in Sources */,
				7B4EBB5414BB14D7005A2A42 /* LCDView.m in Sources */,
				7B3EB60714BB33F600025A26 /* LCDCell.m in Sources */,
				7B3EB67E14BC4AD700025A26 /* TaskScheduler.cpp in Sources */,
				7B7F9CBE14C32FE2007414BF /* NSString+NormalizedString.m in Sources */,
				7B11D5A014CAF4AF001B1591 /* NotificationController.mm in Sources */,
				7B3870CD150C87B10098E8A8 /* UnzipTask.cpp in Sources */,
			);
			runOnlyForDeploymentPostprocessing = 0;
		};
/* End PBXSourcesBuildPhase section */

/* Begin PBXVariantGroup section */
		7BF44B9D14ACA0AF00AF3D30 /* Credits.rtf */ = {
			isa = PBXVariantGroup;
			children = (
				7BF44B9E14ACA0AF00AF3D30 /* en */,
				7BFF3734167C8D80008CDB88 /* ja */,
			);
			name = Credits.rtf;
			sourceTree = "<group>";
		};
		7BF44B9F14ACA0AF00AF3D30 /* InfoPlist.strings */ = {
			isa = PBXVariantGroup;
			children = (
				7BF44BA014ACA0AF00AF3D30 /* en */,
				7BFF3733167C8D80008CDB88 /* ja */,
			);
			name = InfoPlist.strings;
			sourceTree = "<group>";
		};
		7BF44BA114ACA0AF00AF3D30 /* MainMenu.xib */ = {
			isa = PBXVariantGroup;
			children = (
				7BF44BA214ACA0AF00AF3D30 /* en */,
			);
			name = MainMenu.xib;
			path = ..;
			sourceTree = "<group>";
		};
		7BFF372F167C8BF0008CDB88 /* UnrarTask.xib */ = {
			isa = PBXVariantGroup;
			children = (
				7BFF372E167C8BF0008CDB88 /* en */,
			);
			name = UnrarTask.xib;
			path = ..;
			sourceTree = "<group>";
		};
		7BFF3738167C8EBE008CDB88 /* MainMenu.strings */ = {
			isa = PBXVariantGroup;
			children = (
				7BFF3739167C8EBE008CDB88 /* ja */,
			);
			name = MainMenu.strings;
			sourceTree = "<group>";
		};
		7BFF373A167C8EBE008CDB88 /* UnrarTask.strings */ = {
			isa = PBXVariantGroup;
			children = (
				7BFF373B167C8EBE008CDB88 /* ja */,
			);
			name = UnrarTask.strings;
			sourceTree = "<group>";
		};
		7BFF3744167C901F008CDB88 /* Localizable.strings */ = {
			isa = PBXVariantGroup;
			children = (
				7BFF3743167C901F008CDB88 /* ja */,
			);
			name = Localizable.strings;
			path = ExtractManager;
			sourceTree = SOURCE_ROOT;
		};
/* End PBXVariantGroup section */

/* Begin XCBuildConfiguration section */
		7BF44B7514AC398200AF3D30 /* Debug */ = {
			isa = XCBuildConfiguration;
			buildSettings = {
				ALWAYS_SEARCH_USER_PATHS = NO;
				ARCHS = "$(ARCHS_STANDARD_64_BIT)";
				CLANG_ENABLE_OBJC_ARC = YES;
				COPY_PHASE_STRIP = NO;
				GCC_C_LANGUAGE_STANDARD = gnu99;
				GCC_DYNAMIC_NO_PIC = NO;
				GCC_ENABLE_OBJC_EXCEPTIONS = YES;
				GCC_OPTIMIZATION_LEVEL = 0;
				GCC_PREPROCESSOR_DEFINITIONS = (
					"DEBUG=1",
					"$(inherited)",
				);
				GCC_SYMBOLS_PRIVATE_EXTERN = NO;
				GCC_VERSION = com.apple.compilers.llvm.clang.1_0;
				GCC_WARN_64_TO_32_BIT_CONVERSION = YES;
				GCC_WARN_ABOUT_MISSING_PROTOTYPES = YES;
				GCC_WARN_ABOUT_RETURN_TYPE = YES;
				GCC_WARN_UNUSED_VARIABLE = YES;
				MACOSX_DEPLOYMENT_TARGET = 10.7;
				ONLY_ACTIVE_ARCH = YES;
				SDKROOT = macosx;
			};
			name = Debug;
		};
		7BF44B7614AC398200AF3D30 /* Release */ = {
			isa = XCBuildConfiguration;
			buildSettings = {
				ALWAYS_SEARCH_USER_PATHS = NO;
				ARCHS = "$(ARCHS_STANDARD_64_BIT)";
				CLANG_ENABLE_OBJC_ARC = YES;
				COPY_PHASE_STRIP = YES;
				DEBUG_INFORMATION_FORMAT = "dwarf-with-dsym";
				GCC_C_LANGUAGE_STANDARD = gnu99;
				GCC_ENABLE_OBJC_EXCEPTIONS = YES;
				GCC_VERSION = com.apple.compilers.llvm.clang.1_0;
				GCC_WARN_64_TO_32_BIT_CONVERSION = YES;
				GCC_WARN_ABOUT_MISSING_PROTOTYPES = YES;
				GCC_WARN_ABOUT_RETURN_TYPE = YES;
				GCC_WARN_UNUSED_VARIABLE = YES;
				MACOSX_DEPLOYMENT_TARGET = 10.7;
				SDKROOT = macosx;
			};
			name = Release;
		};
		7BF44B7814AC398200AF3D30 /* Debug */ = {
			isa = XCBuildConfiguration;
			buildSettings = {
				COMBINE_HIDPI_IMAGES = YES;
				GCC_PRECOMPILE_PREFIX_HEADER = YES;
				GCC_PREFIX_HEADER = "ExtractManager/ExtractManager-Prefix.pch";
				GCC_PREPROCESSOR_DEFINITIONS_NOT_USED_IN_PRECOMPS = _UNIX;
				HEADER_SEARCH_PATHS = "\"$(SRCROOT)/ExtractManager/unrarlib\"";
				INFOPLIST_FILE = "ExtractManager/ExtractManager-Info.plist";
				LD_DYLIB_INSTALL_NAME = "";
				LD_RUNPATH_SEARCH_PATHS = "@executable_path";
				LIBRARY_SEARCH_PATHS = (
					"$(inherited)",
					"\"$(SRCROOT)/ExtractManager/unrarlib\"",
				);
				MACOSX_DEPLOYMENT_TARGET = 10.7;
				PRODUCT_NAME = "$(TARGET_NAME)";
				SDKROOT = macosx;
				USER_HEADER_SEARCH_PATHS = "\"$(SRCROOT)/ExtractManager/unrarlib\"";
				WARNING_LDFLAGS = "-lunrar";
				WRAPPER_EXTENSION = app;
			};
			name = Debug;
		};
		7BF44B7914AC398200AF3D30 /* Release */ = {
			isa = XCBuildConfiguration;
			buildSettings = {
				COMBINE_HIDPI_IMAGES = YES;
				GCC_PRECOMPILE_PREFIX_HEADER = YES;
				GCC_PREFIX_HEADER = "ExtractManager/ExtractManager-Prefix.pch";
				GCC_PREPROCESSOR_DEFINITIONS_NOT_USED_IN_PRECOMPS = _UNIX;
				HEADER_SEARCH_PATHS = "\"$(SRCROOT)/ExtractManager/unrarlib\"";
				INFOPLIST_FILE = "ExtractManager/ExtractManager-Info.plist";
				LD_DYLIB_INSTALL_NAME = "";
				LD_RUNPATH_SEARCH_PATHS = "@executable_path";
				LIBRARY_SEARCH_PATHS = (
					"$(inherited)",
					"\"$(SRCROOT)/ExtractManager/unrarlib\"",
				);
				MACOSX_DEPLOYMENT_TARGET = 10.7;
				PRODUCT_NAME = "$(TARGET_NAME)";
				SDKROOT = macosx;
				USER_HEADER_SEARCH_PATHS = "\"$(SRCROOT)/ExtractManager/unrarlib\"";
				WARNING_LDFLAGS = "-lunrar";
				WRAPPER_EXTENSION = app;
			};
			name = Release;
		};
/* End XCBuildConfiguration section */

/* Begin XCConfigurationList section */
		7BF44B5314AC398100AF3D30 /* Build configuration list for PBXProject "ExtractManager" */ = {
			isa = XCConfigurationList;
			buildConfigurations = (
				7BF44B7514AC398200AF3D30 /* Debug */,
				7BF44B7614AC398200AF3D30 /* Release */,
			);
			defaultConfigurationIsVisible = 0;
			defaultConfigurationName = Release;
		};
		7BF44B7714AC398200AF3D30 /* Build configuration list for PBXNativeTarget "ExtractManager" */ = {
			isa = XCConfigurationList;
			buildConfigurations = (
				7BF44B7814AC398200AF3D30 /* Debug */,
				7BF44B7914AC398200AF3D30 /* Release */,
			);
			defaultConfigurationIsVisible = 0;
			defaultConfigurationName = Release;
		};
/* End XCConfigurationList section */
	};
	rootObject = 7BF44B5014AC398100AF3D30 /* Project object */;
}
